
Microsoft Visual Studio Solution File, Format Version 12.00
# Visual Studio Version 17
VisualStudioVersion = 17.7.34031.279
MinimumVisualStudioVersion = 10.0.40219.1
Project("{FAE04EC0-301F-11D3-BF4B-00C04F79EFBC}") = "ModBusSim", "ModBusSim\ModBusSim.csproj", "{B33BE86F-571E-471C-9F40-222896113B62}"
EndProject
Project("{FAE04EC0-301F-11D3-BF4B-00C04F79EFBC}") = "ModBusClient", "ModBusClient\ModBusClient.csproj", "{E9D0E9F4-F57A-47C6-8F94-9A0C6A84A8C1}"
EndProject
Global
	GlobalSection(SolutionConfigurationPlatforms) = preSolution
		Debug|Any CPU = Debug|Any CPU
		Release|Any CPU = Release|Any CPU
	EndGlobalSection
	GlobalSection(ProjectConfigurationPlatforms) = postSolution
		{B33BE86F-571E-471C-9F40-222896113B62}.Debug|Any CPU.ActiveCfg = Debug|Any CPU
		{B33BE86F-571E-471C-9F40-222896113B62}.Debug|Any CPU.Build.0 = Debug|Any CPU
		{B33BE86F-571E-471C-9F40-222896113B62}.Release|Any CPU.ActiveCfg = Release|Any CPU
		{B33BE86F-571E-471C-9F40-222896113B62}.Release|Any CPU.Build.0 = Release|Any CPU
		{E9D0E9F4-F57A-47C6-8F94-9A0C6A84A8C1}.Debug|Any CPU.ActiveCfg = Debug|Any CPU
		{E9D0E9F4-F57A-47C6-8F94-9A0C6A84A8C1}.Debug|Any CPU.Build.0 = Debug|Any CPU
		{E9D0E9F4-F57A-47C6-8F94-9A0C6A84A8C1}.Release|Any CPU.ActiveCfg = Release|Any CPU
		{E9D0E9F4-F57A-47C6-8F94-9A0C6A84A8C1}.Release|Any CPU.Build.0 = Release|Any CPU
	EndGlobalSection
	GlobalSection(SolutionProperties) = preSolution
		HideSolutionNode = FALSE
	EndGlobalSection
	GlobalSection(ExtensibilityGlobals) = postSolution
		SolutionGuid = {BAB066CD-16DC-45BC-982B-99BA9157B2D6}
	EndGlobalSection
EndGlobal
